
Microsoft Visual Studio Solution File, Format Version 12.00
# Visual Studio Version 16
VisualStudioVersion = 16.0.30413.136
MinimumVisualStudioVersion = 10.0.40219.1
Project("{FAE04EC0-301F-11D3-BF4B-00C04F79EFBC}") = "ClientCFC-P4-2017096", "ClientCFC-P4-2017096\ClientCFC-P4-2017096.csproj", "{DD8C5501-5640-453E-A72C-D605F75C78DD}"
EndProject
Global
	GlobalSection(SolutionConfigurationPlatforms) = preSolution
		Debug|Any CPU = Debug|Any CPU
		Release|Any CPU = Release|Any CPU
	EndGlobalSection
	GlobalSection(ProjectConfigurationPlatforms) = postSolution
		{DD8C5501-5640-453E-A72C-D605F75C78DD}.Debug|Any CPU.ActiveCfg = Debug|Any CPU
		{DD8C5501-5640-453E-A72C-D605F75C78DD}.Debug|Any CPU.Build.0 = Debug|Any CPU
		{DD8C5501-5640-453E-A72C-D605F75C78DD}.Release|Any CPU.ActiveCfg = Release|Any CPU
		{DD8C5501-5640-453E-A72C-D605F75C78DD}.Release|Any CPU.Build.0 = Release|Any CPU
	EndGlobalSection
	GlobalSection(SolutionProperties) = preSolution
		HideSolutionNode = FALSE
	EndGlobalSection
	GlobalSection(ExtensibilityGlobals) = postSolution
		SolutionGuid = {B4D16782-325D-4705-9313-69464E532AA8}
	EndGlobalSection
EndGlobal
